
Microsoft Visual Studio Solution File, Format Version 12.00
# Visual Studio 14
VisualStudioVersion = 14.0.22310.1
MinimumVisualStudioVersion = 10.0.40219.1
Project("{FAE04EC0-301F-11D3-BF4B-00C04F79EFBC}") = "Psil", "Psil\Psil.csproj", "{20959AB7-3724-4F74-86E6-4EB4B39F4CCB}"
EndProject
Project("{FAE04EC0-301F-11D3-BF4B-00C04F79EFBC}") = "PsilUnitTest", "PsilUnitTest\PsilUnitTest.csproj", "{4D887DCC-1122-4D20-ADFC-67D3F4D04511}"
EndProject
Project("{FAE04EC0-301F-11D3-BF4B-00C04F79EFBC}") = "PsilWebview", "PsilWebview\PsilWebview.csproj", "{9C90ABA4-0498-4D41-9398-536F68187292}"
EndProject
Project("{FAE04EC0-301F-11D3-BF4B-00C04F79EFBC}") = "PsilWebview.Tests", "PsilWebview.Tests\PsilWebview.Tests.csproj", "{B029D0ED-D689-4492-8F6D-1C0CAB25DBAC}"
EndProject
Global
	GlobalSection(SolutionConfigurationPlatforms) = preSolution
		Debug|Any CPU = Debug|Any CPU
		Release|Any CPU = Release|Any CPU
	EndGlobalSection
	GlobalSection(ProjectConfigurationPlatforms) = postSolution
		{20959AB7-3724-4F74-86E6-4EB4B39F4CCB}.Debug|Any CPU.ActiveCfg = Debug|Any CPU
		{20959AB7-3724-4F74-86E6-4EB4B39F4CCB}.Debug|Any CPU.Build.0 = Debug|Any CPU
		{20959AB7-3724-4F74-86E6-4EB4B39F4CCB}.Release|Any CPU.ActiveCfg = Release|Any CPU
		{20959AB7-3724-4F74-86E6-4EB4B39F4CCB}.Release|Any CPU.Build.0 = Release|Any CPU
		{4D887DCC-1122-4D20-ADFC-67D3F4D04511}.Debug|Any CPU.ActiveCfg = Debug|Any CPU
		{4D887DCC-1122-4D20-ADFC-67D3F4D04511}.Debug|Any CPU.Build.0 = Debug|Any CPU
		{4D887DCC-1122-4D20-ADFC-67D3F4D04511}.Release|Any CPU.ActiveCfg = Release|Any CPU
		{4D887DCC-1122-4D20-ADFC-67D3F4D04511}.Release|Any CPU.Build.0 = Release|Any CPU
		{9C90ABA4-0498-4D41-9398-536F68187292}.Debug|Any CPU.ActiveCfg = Debug|Any CPU
		{9C90ABA4-0498-4D41-9398-536F68187292}.Debug|Any CPU.Build.0 = Debug|Any CPU
		{9C90ABA4-0498-4D41-9398-536F68187292}.Release|Any CPU.ActiveCfg = Release|Any CPU
		{9C90ABA4-0498-4D41-9398-536F68187292}.Release|Any CPU.Build.0 = Release|Any CPU
		{B029D0ED-D689-4492-8F6D-1C0CAB25DBAC}.Debug|Any CPU.ActiveCfg = Debug|Any CPU
		{B029D0ED-D689-4492-8F6D-1C0CAB25DBAC}.Debug|Any CPU.Build.0 = Debug|Any CPU
		{B029D0ED-D689-4492-8F6D-1C0CAB25DBAC}.Release|Any CPU.ActiveCfg = Release|Any CPU
		{B029D0ED-D689-4492-8F6D-1C0CAB25DBAC}.Release|Any CPU.Build.0 = Release|Any CPU
	EndGlobalSection
	GlobalSection(SolutionProperties) = preSolution
		HideSolutionNode = FALSE
	EndGlobalSection
EndGlobal
